
Microsoft Visual Studio Solution File, Format Version 12.00
# Visual Studio Version 17
VisualStudioVersion = 17.5.002.0
MinimumVisualStudioVersion = 10.0.40219.1
Project("{2150E333-8FDC-42A3-9474-1A3956D46DE8}") = "src", "src", "{4B44EAAD-BE52-40D5-819B-162B67B6933D}"
EndProject
Project("{9A19103F-16F7-4668-BE54-9A1E7A4F7556}") = "Library", "src\Library\Library.csproj", "{2E7EBDC7-7A32-4D60-B5F3-844A11DDF293}"
EndProject
Project("{9A19103F-16F7-4668-BE54-9A1E7A4F7556}") = "Program", "src\Program\Program.csproj", "{3583ECA3-B338-402B-9739-CEC1B38E7BB7}"
EndProject
Global
	GlobalSection(SolutionConfigurationPlatforms) = preSolution
		Debug|Any CPU = Debug|Any CPU
		Release|Any CPU = Release|Any CPU
	EndGlobalSection
	GlobalSection(ProjectConfigurationPlatforms) = postSolution
		{2E7EBDC7-7A32-4D60-B5F3-844A11DDF293}.Debug|Any CPU.ActiveCfg = Debug|Any CPU
		{2E7EBDC7-7A32-4D60-B5F3-844A11DDF293}.Debug|Any CPU.Build.0 = Debug|Any CPU
		{2E7EBDC7-7A32-4D60-B5F3-844A11DDF293}.Release|Any CPU.ActiveCfg = Release|Any CPU
		{2E7EBDC7-7A32-4D60-B5F3-844A11DDF293}.Release|Any CPU.Build.0 = Release|Any CPU
		{3583ECA3-B338-402B-9739-CEC1B38E7BB7}.Debug|Any CPU.ActiveCfg = Debug|Any CPU
		{3583ECA3-B338-402B-9739-CEC1B38E7BB7}.Debug|Any CPU.Build.0 = Debug|Any CPU
		{3583ECA3-B338-402B-9739-CEC1B38E7BB7}.Release|Any CPU.ActiveCfg = Release|Any CPU
		{3583ECA3-B338-402B-9739-CEC1B38E7BB7}.Release|Any CPU.Build.0 = Release|Any CPU
	EndGlobalSection
	GlobalSection(SolutionProperties) = preSolution
		HideSolutionNode = FALSE
	EndGlobalSection
	GlobalSection(NestedProjects) = preSolution
		{2E7EBDC7-7A32-4D60-B5F3-844A11DDF293} = {4B44EAAD-BE52-40D5-819B-162B67B6933D}
		{3583ECA3-B338-402B-9739-CEC1B38E7BB7} = {4B44EAAD-BE52-40D5-819B-162B67B6933D}
	EndGlobalSection
	GlobalSection(ExtensibilityGlobals) = postSolution
		SolutionGuid = {C88445CF-9555-4EC7-8157-7A861F0AE203}
	EndGlobalSection
EndGlobal
